
Microsoft Visual Studio Solution File, Format Version 12.00
# Visual Studio Version 16
VisualStudioVersion = 16.0.808.4
MinimumVisualStudioVersion = 10.0.40219.1
Project("{FAE04EC0-301F-11D3-BF4B-00C04F79EFBC}") = "pa_hub", "pa_hub\pa_hub.csproj", "{D1BCD02C-2754-412D-8C05-9DE5818929B6}"
EndProject
Project("{FAE04EC0-301F-11D3-BF4B-00C04F79EFBC}") = "pa_client", "pa_client\pa_client.csproj", "{FB5A5154-24A2-45CE-9D26-730A539B4DF7}"
EndProject
Global
	GlobalSection(SolutionConfigurationPlatforms) = preSolution
		Debug|Any CPU = Debug|Any CPU
		Release|Any CPU = Release|Any CPU
	EndGlobalSection
	GlobalSection(ProjectConfigurationPlatforms) = postSolution
		{D1BCD02C-2754-412D-8C05-9DE5818929B6}.Debug|Any CPU.ActiveCfg = Debug|Any CPU
		{D1BCD02C-2754-412D-8C05-9DE5818929B6}.Debug|Any CPU.Build.0 = Debug|Any CPU
		{D1BCD02C-2754-412D-8C05-9DE5818929B6}.Release|Any CPU.ActiveCfg = Release|Any CPU
		{D1BCD02C-2754-412D-8C05-9DE5818929B6}.Release|Any CPU.Build.0 = Release|Any CPU
		{FB5A5154-24A2-45CE-9D26-730A539B4DF7}.Debug|Any CPU.ActiveCfg = Debug|Any CPU
		{FB5A5154-24A2-45CE-9D26-730A539B4DF7}.Debug|Any CPU.Build.0 = Debug|Any CPU
		{FB5A5154-24A2-45CE-9D26-730A539B4DF7}.Release|Any CPU.ActiveCfg = Release|Any CPU
		{FB5A5154-24A2-45CE-9D26-730A539B4DF7}.Release|Any CPU.Build.0 = Release|Any CPU
	EndGlobalSection
	GlobalSection(SolutionProperties) = preSolution
		HideSolutionNode = FALSE
	EndGlobalSection
	GlobalSection(ExtensibilityGlobals) = postSolution
		SolutionGuid = {00CF9594-3E80-461C-8B62-315DB68F8872}
	EndGlobalSection
EndGlobal
